
Microsoft Visual Studio Solution File, Format Version 12.00
# Visual Studio 14
VisualStudioVersion = 14.0.25420.1
MinimumVisualStudioVersion = 10.0.40219.1
Project("{FAE04EC0-301F-11D3-BF4B-00C04F79EFBC}") = "TrabajoPractico.Logica", "TrabajoPractico\TrabajoPractico.Logica.csproj", "{7D3D364D-F682-465E-AB44-CFAAC70B720C}"
EndProject
Project("{FAE04EC0-301F-11D3-BF4B-00C04F79EFBC}") = "Tests", "Tests\Tests.csproj", "{564F11A0-A9BA-4103-A742-FC44E268D081}"
EndProject
Project("{FAE04EC0-301F-11D3-BF4B-00C04F79EFBC}") = "TrabajoPractico.Web", "TrabajoPractico.Web\TrabajoPractico.Web.csproj", "{663728F4-FA4F-4233-A841-D528156553CB}"
EndProject
Global
	GlobalSection(SolutionConfigurationPlatforms) = preSolution
		Debug|Any CPU = Debug|Any CPU
		Release|Any CPU = Release|Any CPU
	EndGlobalSection
	GlobalSection(ProjectConfigurationPlatforms) = postSolution
		{7D3D364D-F682-465E-AB44-CFAAC70B720C}.Debug|Any CPU.ActiveCfg = Debug|Any CPU
		{7D3D364D-F682-465E-AB44-CFAAC70B720C}.Debug|Any CPU.Build.0 = Debug|Any CPU
		{7D3D364D-F682-465E-AB44-CFAAC70B720C}.Release|Any CPU.ActiveCfg = Release|Any CPU
		{7D3D364D-F682-465E-AB44-CFAAC70B720C}.Release|Any CPU.Build.0 = Release|Any CPU
		{564F11A0-A9BA-4103-A742-FC44E268D081}.Debug|Any CPU.ActiveCfg = Debug|Any CPU
		{564F11A0-A9BA-4103-A742-FC44E268D081}.Debug|Any CPU.Build.0 = Debug|Any CPU
		{564F11A0-A9BA-4103-A742-FC44E268D081}.Release|Any CPU.ActiveCfg = Release|Any CPU
		{564F11A0-A9BA-4103-A742-FC44E268D081}.Release|Any CPU.Build.0 = Release|Any CPU
		{663728F4-FA4F-4233-A841-D528156553CB}.Debug|Any CPU.ActiveCfg = Debug|Any CPU
		{663728F4-FA4F-4233-A841-D528156553CB}.Debug|Any CPU.Build.0 = Debug|Any CPU
		{663728F4-FA4F-4233-A841-D528156553CB}.Release|Any CPU.ActiveCfg = Release|Any CPU
		{663728F4-FA4F-4233-A841-D528156553CB}.Release|Any CPU.Build.0 = Release|Any CPU
	EndGlobalSection
	GlobalSection(SolutionProperties) = preSolution
		HideSolutionNode = FALSE
	EndGlobalSection
EndGlobal
